
Microsoft Visual Studio Solution File, Format Version 12.00
# Visual Studio Version 17
VisualStudioVersion = 17.9.34607.119
MinimumVisualStudioVersion = 10.0.40219.1
Project("{FAE04EC0-301F-11D3-BF4B-00C04F79EFBC}") = "hCMD", "hCMD.csproj", "{9F6D89C9-8F87-40A4-8C19-B676BD44C9D7}"
EndProject
Global
	GlobalSection(SolutionConfigurationPlatforms) = preSolution
		Debug|Any CPU = Debug|Any CPU
		Release|Any CPU = Release|Any CPU
	EndGlobalSection
	GlobalSection(ProjectConfigurationPlatforms) = postSolution
		{9F6D89C9-8F87-40A4-8C19-B676BD44C9D7}.Debug|Any CPU.ActiveCfg = Debug|Any CPU
		{9F6D89C9-8F87-40A4-8C19-B676BD44C9D7}.Debug|Any CPU.Build.0 = Debug|Any CPU
		{9F6D89C9-8F87-40A4-8C19-B676BD44C9D7}.Release|Any CPU.ActiveCfg = Release|Any CPU
		{9F6D89C9-8F87-40A4-8C19-B676BD44C9D7}.Release|Any CPU.Build.0 = Release|Any CPU
	EndGlobalSection
	GlobalSection(SolutionProperties) = preSolution
		HideSolutionNode = FALSE
	EndGlobalSection
	GlobalSection(ExtensibilityGlobals) = postSolution
		SolutionGuid = {090ED716-FE1E-4D30-8B6C-28DBD3B56A9C}
	EndGlobalSection
EndGlobal
